// !$*UTF8*$!
{
	archiveVersion = 1;
	classes = {
	};
	objectVersion = 46;
	objects = {

/* Begin PBXBuildFile section */
		76AC14718EB9F4EF7E5023E5 /* Pods_demo.framework in Frameworks */ = {isa = PBXBuildFile; fileRef = 95F7CAD122C4E4895A2C401E /* Pods_demo.framework */; };
		AC83159F1E7AC8640030A9CA /* AppDelegate.swift in Sources */ = {isa = PBXBuildFile; fileRef = AC83158C1E7AC8640030A9CA /* AppDelegate.swift */; };
		AC8315A01E7AC8640030A9CA /* Assets.xcassets in Resources */ = {isa = PBXBuildFile; fileRef = AC83158D1E7AC8640030A9CA /* Assets.xcassets */; };
		AC8315A11E7AC8640030A9CA /* LaunchScreen.storyboard in Resources */ = {isa = PBXBuildFile; fileRef = AC83158E1E7AC8640030A9CA /* LaunchScreen.storyboard */; };
		AC8315A21E7AC8640030A9CA /* Main.storyboard in Resources */ = {isa = PBXBuildFile; fileRef = AC8315901E7AC8640030A9CA /* Main.storyboard */; };
		AC8315A31E7AC8640030A9CA /* Constant.swift in Sources */ = {isa = PBXBuildFile; fileRef = AC8315931E7AC8640030A9CA /* Constant.swift */; };
		AC8315A41E7AC8640030A9CA /* SocketIOManager.swift in Sources */ = {isa = PBXBuildFile; fileRef = AC8315941E7AC8640030A9CA /* SocketIOManager.swift */; };
		AC8315A51E7AC8640030A9CA /* Info.plist in Resources */ = {isa = PBXBuildFile; fileRef = AC8315951E7AC8640030A9CA /* Info.plist */; };
		AC8315A61E7AC8640030A9CA /* RoughCode in Resources */ = {isa = PBXBuildFile; fileRef = AC8315961E7AC8640030A9CA /* RoughCode */; };
		AC8315A71E7AC8640030A9CA /* DataRetriever.swift in Sources */ = {isa = PBXBuildFile; fileRef = AC8315981E7AC8640030A9CA /* DataRetriever.swift */; };
		AC8315A81E7AC8640030A9CA /* ParseSerialization.swift in Sources */ = {isa = PBXBuildFile; fileRef = AC8315991E7AC8640030A9CA /* ParseSerialization.swift */; };
		AC8315A91E7AC8640030A9CA /* ServerApi.swift in Sources */ = {isa = PBXBuildFile; fileRef = AC83159A1E7AC8640030A9CA /* ServerApi.swift */; };
		AC8315AA1E7AC8640030A9CA /* Temperature.swift in Sources */ = {isa = PBXBuildFile; fileRef = AC83159D1E7AC8640030A9CA /* Temperature.swift */; };
		AC8315AB1E7AC8640030A9CA /* TemperatureViewController.swift in Sources */ = {isa = PBXBuildFile; fileRef = AC83159E1E7AC8640030A9CA /* TemperatureViewController.swift */; };
/* End PBXBuildFile section */

/* Begin PBXFileReference section */
		95F7CAD122C4E4895A2C401E /* Pods_demo.framework */ = {isa = PBXFileReference; explicitFileType = wrapper.framework; includeInIndex = 0; path = Pods_demo.framework; sourceTree = BUILT_PRODUCTS_DIR; };
		AC2590A61E793EC800EFC43E /* demo.app */ = {isa = PBXFileReference; explicitFileType = wrapper.application; includeInIndex = 0; path = demo.app; sourceTree = BUILT_PRODUCTS_DIR; };
		AC83158C1E7AC8640030A9CA /* AppDelegate.swift */ = {isa = PBXFileReference; fileEncoding = 4; lastKnownFileType = sourcecode.swift; path = AppDelegate.swift; sourceTree = "<group>"; };
		AC83158D1E7AC8640030A9CA /* Assets.xcassets */ = {isa = PBXFileReference; lastKnownFileType = folder.assetcatalog; path = Assets.xcassets; sourceTree = "<group>"; };
		AC83158F1E7AC8640030A9CA /* Base */ = {isa = PBXFileReference; lastKnownFileType = file.storyboard; name = Base; path = Base.lproj/LaunchScreen.storyboard; sourceTree = "<group>"; };
		AC8315911E7AC8640030A9CA /* Base */ = {isa = PBXFileReference; lastKnownFileType = file.storyboard; name = Base; path = Base.lproj/Main.storyboard; sourceTree = "<group>"; };
		AC8315931E7AC8640030A9CA /* Constant.swift */ = {isa = PBXFileReference; fileEncoding = 4; lastKnownFileType = sourcecode.swift; path = Constant.swift; sourceTree = "<group>"; };
		AC8315941E7AC8640030A9CA /* SocketIOManager.swift */ = {isa = PBXFileReference; fileEncoding = 4; lastKnownFileType = sourcecode.swift; path = SocketIOManager.swift; sourceTree = "<group>"; };
		AC8315951E7AC8640030A9CA /* Info.plist */ = {isa = PBXFileReference; fileEncoding = 4; lastKnownFileType = text.plist.xml; path = Info.plist; sourceTree = "<group>"; };
		AC8315961E7AC8640030A9CA /* RoughCode */ = {isa = PBXFileReference; fileEncoding = 4; lastKnownFileType = text; path = RoughCode; sourceTree = "<group>"; };
		AC8315981E7AC8640030A9CA /* DataRetriever.swift */ = {isa = PBXFileReference; fileEncoding = 4; lastKnownFileType = sourcecode.swift; path = DataRetriever.swift; sourceTree = "<group>"; };
		AC8315991E7AC8640030A9CA /* ParseSerialization.swift */ = {isa = PBXFileReference; fileEncoding = 4; lastKnownFileType = sourcecode.swift; path = ParseSerialization.swift; sourceTree = "<group>"; };
		AC83159A1E7AC8640030A9CA /* ServerApi.swift */ = {isa = PBXFileReference; fileEncoding = 4; lastKnownFileType = sourcecode.swift; path = ServerApi.swift; sourceTree = "<group>"; };
		AC83159D1E7AC8640030A9CA /* Temperature.swift */ = {isa = PBXFileReference; fileEncoding = 4; lastKnownFileType = sourcecode.swift; path = Temperature.swift; sourceTree = "<group>"; };
		AC83159E1E7AC8640030A9CA /* TemperatureViewController.swift */ = {isa = PBXFileReference; fileEncoding = 4; lastKnownFileType = sourcecode.swift; path = TemperatureViewController.swift; sourceTree = "<group>"; };
		AF8A87695B374F0FF134A193 /* Pods-demo.debug.xcconfig */ = {isa = PBXFileReference; includeInIndex = 1; lastKnownFileType = text.xcconfig; name = "Pods-demo.debug.xcconfig"; path = "Pods/Target Support Files/Pods-demo/Pods-demo.debug.xcconfig"; sourceTree = "<group>"; };
		D1D6AAE3AA5066F14FB06128 /* Pods-demo.release.xcconfig */ = {isa = PBXFileReference; includeInIndex = 1; lastKnownFileType = text.xcconfig; name = "Pods-demo.release.xcconfig"; path = "Pods/Target Support Files/Pods-demo/Pods-demo.release.xcconfig"; sourceTree = "<group>"; };
/* End PBXFileReference section */

/* Begin PBXFrameworksBuildPhase section */
		AC2590A31E793EC800EFC43E /* Frameworks */ = {
			isa = PBXFrameworksBuildPhase;
			buildActionMask = 2147483647;
			files = (
				76AC14718EB9F4EF7E5023E5 /* Pods_demo.framework in Frameworks */,
			);
			runOnlyForDeploymentPostprocessing = 0;
		};
/* End PBXFrameworksBuildPhase section */

/* Begin PBXGroup section */
		1E72D2B3D5270EA6EDE99848 /* Pods */ = {
			isa = PBXGroup;
			children = (
				AF8A87695B374F0FF134A193 /* Pods-demo.debug.xcconfig */,
				D1D6AAE3AA5066F14FB06128 /* Pods-demo.release.xcconfig */,
			);
			name = Pods;
			sourceTree = "<group>";
		};
		22ABC51F9C7C7780BE0EC7C0 /* Frameworks */ = {
			isa = PBXGroup;
			children = (
				95F7CAD122C4E4895A2C401E /* Pods_demo.framework */,
			);
			name = Frameworks;
			sourceTree = "<group>";
		};
		AC25909D1E793EC800EFC43E = {
			isa = PBXGroup;
			children = (
				AC83158B1E7AC8640030A9CA /* demo */,
				AC2590A71E793EC800EFC43E /* Products */,
				1E72D2B3D5270EA6EDE99848 /* Pods */,
				22ABC51F9C7C7780BE0EC7C0 /* Frameworks */,
			);
			sourceTree = "<group>";
		};
		AC2590A71E793EC800EFC43E /* Products */ = {
			isa = PBXGroup;
			children = (
				AC2590A61E793EC800EFC43E /* demo.app */,
			);
			name = Products;
			sourceTree = "<group>";
		};
		AC83158B1E7AC8640030A9CA /* demo */ = {
			isa = PBXGroup;
			children = (
				AC83158C1E7AC8640030A9CA /* AppDelegate.swift */,
				AC83158D1E7AC8640030A9CA /* Assets.xcassets */,
				AC83158E1E7AC8640030A9CA /* LaunchScreen.storyboard */,
				AC8315901E7AC8640030A9CA /* Main.storyboard */,
				AC8315921E7AC8640030A9CA /* CustomClass */,
				AC8315951E7AC8640030A9CA /* Info.plist */,
				AC8315961E7AC8640030A9CA /* RoughCode */,
				AC8315971E7AC8640030A9CA /* ServerAPI */,
				AC83159B1E7AC8640030A9CA /* ViewController */,
			);
			path = demo;
			sourceTree = "<group>";
		};
		AC8315921E7AC8640030A9CA /* CustomClass */ = {
			isa = PBXGroup;
			children = (
				AC8315931E7AC8640030A9CA /* Constant.swift */,
				AC8315941E7AC8640030A9CA /* SocketIOManager.swift */,
			);
			path = CustomClass;
			sourceTree = "<group>";
		};
		AC8315971E7AC8640030A9CA /* ServerAPI */ = {
			isa = PBXGroup;
			children = (
				AC8315981E7AC8640030A9CA /* DataRetriever.swift */,
				AC8315991E7AC8640030A9CA /* ParseSerialization.swift */,
				AC83159A1E7AC8640030A9CA /* ServerApi.swift */,
			);
			path = ServerAPI;
			sourceTree = "<group>";
		};
		AC83159B1E7AC8640030A9CA /* ViewController */ = {
			isa = PBXGroup;
			children = (
				AC83159C1E7AC8640030A9CA /* Models */,
				AC83159E1E7AC8640030A9CA /* TemperatureViewController.swift */,
			);
			path = ViewController;
			sourceTree = "<group>";
		};
		AC83159C1E7AC8640030A9CA /* Models */ = {
			isa = PBXGroup;
			children = (
				AC83159D1E7AC8640030A9CA /* Temperature.swift */,
			);
			path = Models;
			sourceTree = "<group>";
		};
/* End PBXGroup section */

/* Begin PBXNativeTarget section */
		AC2590A51E793EC800EFC43E /* demo */ = {
			isa = PBXNativeTarget;
			buildConfigurationList = AC2590B81E793EC800EFC43E /* Build configuration list for PBXNativeTarget "demo" */;
			buildPhases = (
				8352FB567BCA9F860B6C8FB1 /* [CP] Check Pods Manifest.lock */,
				AC2590A21E793EC800EFC43E /* Sources */,
				AC2590A31E793EC800EFC43E /* Frameworks */,
				AC2590A41E793EC800EFC43E /* Resources */,
				13F8F6AC44C9D2EB5AAEAB31 /* [CP] Embed Pods Frameworks */,
				8BE1744553FC223BBE81DF02 /* [CP] Copy Pods Resources */,
			);
			buildRules = (
			);
			dependencies = (
			);
			name = demo;
			productName = demo;
			productReference = AC2590A61E793EC800EFC43E /* demo.app */;
			productType = "com.apple.product-type.application";
		};
/* End PBXNativeTarget section */

/* Begin PBXProject section */
		AC25909E1E793EC800EFC43E /* Project object */ = {
			isa = PBXProject;
			attributes = {
				LastSwiftUpdateCheck = 0820;
				LastUpgradeCheck = 0820;
				ORGANIZATIONNAME = "stephen sam kinston";
				TargetAttributes = {
					AC2590A51E793EC800EFC43E = {
						CreatedOnToolsVersion = 8.2.1;
						ProvisioningStyle = Automatic;
					};
				};
			};
			buildConfigurationList = AC2590A11E793EC800EFC43E /* Build configuration list for PBXProject "Demo" */;
			compatibilityVersion = "Xcode 3.2";
			developmentRegion = English;
			hasScannedForEncodings = 0;
			knownRegions = (
				en,
				Base,
			);
			mainGroup = AC25909D1E793EC800EFC43E;
			productRefGroup = AC2590A71E793EC800EFC43E /* Products */;
			projectDirPath = "";
			projectRoot = "";
			targets = (
				AC2590A51E793EC800EFC43E /* demo */,
			);
		};
/* End PBXProject section */

/* Begin PBXResourcesBuildPhase section */
		AC2590A41E793EC800EFC43E /* Resources */ = {
			isa = PBXResourcesBuildPhase;
			buildActionMask = 2147483647;
			files = (
				AC8315A51E7AC8640030A9CA /* Info.plist in Resources */,
				AC8315A21E7AC8640030A9CA /* Main.storyboard in Resources */,
				AC8315A61E7AC8640030A9CA /* RoughCode in Resources */,
				AC8315A01E7AC8640030A9CA /* Assets.xcassets in Resources */,
				AC8315A11E7AC8640030A9CA /* LaunchScreen.storyboard in Resources */,
			);
			runOnlyForDeploymentPostprocessing = 0;
		};
/* End PBXResourcesBuildPhase section */

/* Begin PBXShellScriptBuildPhase section */
		13F8F6AC44C9D2EB5AAEAB31 /* [CP] Embed Pods Frameworks */ = {
			isa = PBXShellScriptBuildPhase;
			buildActionMask = 2147483647;
			files = (
			);
			inputPaths = (
			);
			name = "[CP] Embed Pods Frameworks";
			outputPaths = (
			);
			runOnlyForDeploymentPostprocessing = 0;
			shellPath = /bin/sh;
			shellScript = "\"${SRCROOT}/Pods/Target Support Files/Pods-demo/Pods-demo-frameworks.sh\"\n";
			showEnvVarsInLog = 0;
		};
		8352FB567BCA9F860B6C8FB1 /* [CP] Check Pods Manifest.lock */ = {
			isa = PBXShellScriptBuildPhase;
			buildActionMask = 2147483647;
			files = (
			);
			inputPaths = (
			);
			name = "[CP] Check Pods Manifest.lock";
			outputPaths = (
			);
			runOnlyForDeploymentPostprocessing = 0;
			shellPath = /bin/sh;
			shellScript = "diff \"${PODS_ROOT}/../Podfile.lock\" \"${PODS_ROOT}/Manifest.lock\" > /dev/null\nif [ $? != 0 ] ; then\n    # print error to STDERR\n    echo \"error: The sandbox is not in sync with the Podfile.lock. Run 'pod install' or update your CocoaPods installation.\" >&2\n    exit 1\nfi\n";
			showEnvVarsInLog = 0;
		};
		8BE1744553FC223BBE81DF02 /* [CP] Copy Pods Resources */ = {
			isa = PBXShellScriptBuildPhase;
			buildActionMask = 2147483647;
			files = (
			);
			inputPaths = (
			);
			name = "[CP] Copy Pods Resources";
			outputPaths = (
			);
			runOnlyForDeploymentPostprocessing = 0;
			shellPath = /bin/sh;
			shellScript = "\"${SRCROOT}/Pods/Target Support Files/Pods-demo/Pods-demo-resources.sh\"\n";
			showEnvVarsInLog = 0;
		};
/* End PBXShellScriptBuildPhase section */

/* Begin PBXSourcesBuildPhase section */
		AC2590A21E793EC800EFC43E /* Sources */ = {
			isa = PBXSourcesBuildPhase;
			buildActionMask = 2147483647;
			files = (
				AC8315A71E7AC8640030A9CA /* DataRetriever.swift in Sources */,
				AC8315A81E7AC8640030A9CA /* ParseSerialization.swift in Sources */,
				AC83159F1E7AC8640030A9CA /* AppDelegate.swift in Sources */,
				AC8315A91E7AC8640030A9CA /* ServerApi.swift in Sources */,
				AC8315A41E7AC8640030A9CA /* SocketIOManager.swift in Sources */,
				AC8315AA1E7AC8640030A9CA /* Temperature.swift in Sources */,
				AC8315A31E7AC8640030A9CA /* Constant.swift in Sources */,
				AC8315AB1E7AC8640030A9CA /* TemperatureViewController.swift in Sources */,
			);
			runOnlyForDeploymentPostprocessing = 0;
		};
/* End PBXSourcesBuildPhase section */

/* Begin PBXVariantGroup section */
		AC83158E1E7AC8640030A9CA /* LaunchScreen.storyboard */ = {
			isa = PBXVariantGroup;
			children = (
				AC83158F1E7AC8640030A9CA /* Base */,
			);
			name = LaunchScreen.storyboard;
			sourceTree = "<group>";
		};
		AC8315901E7AC8640030A9CA /* Main.storyboard */ = {
			isa = PBXVariantGroup;
			children = (
				AC8315911E7AC8640030A9CA /* Base */,
			);
			name = Main.storyboard;
			sourceTree = "<group>";
		};
/* End PBXVariantGroup section */

/* Begin XCBuildConfiguration section */
		AC2590B61E793EC800EFC43E /* Debug */ = {
			isa = XCBuildConfiguration;
			buildSettings = {
				ALWAYS_SEARCH_USER_PATHS = NO;
				CLANG_ANALYZER_NONNULL = YES;
				CLANG_CXX_LANGUAGE_STANDARD = "gnu++0x";
				CLANG_CXX_LIBRARY = "libc++";
				CLANG_ENABLE_MODULES = YES;
				CLANG_ENABLE_OBJC_ARC = YES;
				CLANG_WARN_BOOL_CONVERSION = YES;
				CLANG_WARN_CONSTANT_CONVERSION = YES;
				CLANG_WARN_DIRECT_OBJC_ISA_USAGE = YES_ERROR;
				CLANG_WARN_DOCUMENTATION_COMMENTS = YES;
				CLANG_WARN_EMPTY_BODY = YES;
				CLANG_WARN_ENUM_CONVERSION = YES;
				CLANG_WARN_INFINITE_RECURSION = YES;
				CLANG_WARN_INT_CONVERSION = YES;
				CLANG_WARN_OBJC_ROOT_CLASS = YES_ERROR;
				CLANG_WARN_SUSPICIOUS_MOVE = YES;
				CLANG_WARN_UNREACHABLE_CODE = YES;
				CLANG_WARN__DUPLICATE_METHOD_MATCH = YES;
				"CODE_SIGN_IDENTITY[sdk=iphoneos*]" = "iPhone Developer";
				COPY_PHASE_STRIP = NO;
				DEBUG_INFORMATION_FORMAT = dwarf;
				ENABLE_STRICT_OBJC_MSGSEND = YES;
				ENABLE_TESTABILITY = YES;
				GCC_C_LANGUAGE_STANDARD = gnu99;
				GCC_DYNAMIC_NO_PIC = NO;
				GCC_NO_COMMON_BLOCKS = YES;
				GCC_OPTIMIZATION_LEVEL = 0;
				GCC_PREPROCESSOR_DEFINITIONS = (
					"DEBUG=1",
					"$(inherited)",
				);
				GCC_WARN_64_TO_32_BIT_CONVERSION = YES;
				GCC_WARN_ABOUT_RETURN_TYPE = YES_ERROR;
				GCC_WARN_UNDECLARED_SELECTOR = YES;
				GCC_WARN_UNINITIALIZED_AUTOS = YES_AGGRESSIVE;
				GCC_WARN_UNUSED_FUNCTION = YES;
				GCC_WARN_UNUSED_VARIABLE = YES;
				IPHONEOS_DEPLOYMENT_TARGET = 10.2;
				MTL_ENABLE_DEBUG_INFO = YES;
				ONLY_ACTIVE_ARCH = YES;
				SDKROOT = iphoneos;
				SWIFT_ACTIVE_COMPILATION_CONDITIONS = DEBUG;
				SWIFT_OPTIMIZATION_LEVEL = "-Onone";
			};
			name = Debug;
		};
		AC2590B71E793EC800EFC43E /* Release */ = {
			isa = XCBuildConfiguration;
			buildSettings = {
				ALWAYS_SEARCH_USER_PATHS = NO;
				CLANG_ANALYZER_NONNULL = YES;
				CLANG_CXX_LANGUAGE_STANDARD = "gnu++0x";
				CLANG_CXX_LIBRARY = "libc++";
				CLANG_ENABLE_MODULES = YES;
				CLANG_ENABLE_OBJC_ARC = YES;
				CLANG_WARN_BOOL_CONVERSION = YES;
				CLANG_WARN_CONSTANT_CONVERSION = YES;
				CLANG_WARN_DIRECT_OBJC_ISA_USAGE = YES_ERROR;
				CLANG_WARN_DOCUMENTATION_COMMENTS = YES;
				CLANG_WARN_EMPTY_BODY = YES;
				CLANG_WARN_ENUM_CONVERSION = YES;
				CLANG_WARN_INFINITE_RECURSION = YES;
				CLANG_WARN_INT_CONVERSION = YES;
				CLANG_WARN_OBJC_ROOT_CLASS = YES_ERROR;
				CLANG_WARN_SUSPICIOUS_MOVE = YES;
				CLANG_WARN_UNREACHABLE_CODE = YES;
				CLANG_WARN__DUPLICATE_METHOD_MATCH = YES;
				"CODE_SIGN_IDENTITY[sdk=iphoneos*]" = "iPhone Developer";
				COPY_PHASE_STRIP = NO;
				DEBUG_INFORMATION_FORMAT = "dwarf-with-dsym";
				ENABLE_NS_ASSERTIONS = NO;
				ENABLE_STRICT_OBJC_MSGSEND = YES;
				GCC_C_LANGUAGE_STANDARD = gnu99;
				GCC_NO_COMMON_BLOCKS = YES;
				GCC_WARN_64_TO_32_BIT_CONVERSION = YES;
				GCC_WARN_ABOUT_RETURN_TYPE = YES_ERROR;
				GCC_WARN_UNDECLARED_SELECTOR = YES;
				GCC_WARN_UNINITIALIZED_AUTOS = YES_AGGRESSIVE;
				GCC_WARN_UNUSED_FUNCTION = YES;
				GCC_WARN_UNUSED_VARIABLE = YES;
				IPHONEOS_DEPLOYMENT_TARGET = 10.2;
				MTL_ENABLE_DEBUG_INFO = NO;
				SDKROOT = iphoneos;
				SWIFT_OPTIMIZATION_LEVEL = "-Owholemodule";
				VALIDATE_PRODUCT = YES;
			};
			name = Release;
		};
		AC2590B91E793EC800EFC43E /* Debug */ = {
			isa = XCBuildConfiguration;
			baseConfigurationReference = AF8A87695B374F0FF134A193 /* Pods-demo.debug.xcconfig */;
			buildSettings = {
				ASSETCATALOG_COMPILER_APPICON_NAME = AppIcon;
				INFOPLIST_FILE = demo/Info.plist;
				LD_RUNPATH_SEARCH_PATHS = "$(inherited) @executable_path/Frameworks";
				PRODUCT_BUNDLE_IDENTIFIER = com.kingston.demo;
				PRODUCT_NAME = "$(TARGET_NAME)";
				SWIFT_VERSION = 3.0;
			};
			name = Debug;
		};
		AC2590BA1E793EC800EFC43E /* Release */ = {
			isa = XCBuildConfiguration;
			baseConfigurationReference = D1D6AAE3AA5066F14FB06128 /* Pods-demo.release.xcconfig */;
			buildSettings = {
				ASSETCATALOG_COMPILER_APPICON_NAME = AppIcon;
				INFOPLIST_FILE = demo/Info.plist;
				LD_RUNPATH_SEARCH_PATHS = "$(inherited) @executable_path/Frameworks";
				PRODUCT_BUNDLE_IDENTIFIER = com.kingston.demo;
				PRODUCT_NAME = "$(TARGET_NAME)";
				SWIFT_VERSION = 3.0;
			};
			name = Release;
		};
/* End XCBuildConfiguration section */

/* Begin XCConfigurationList section */
		AC2590A11E793EC800EFC43E /* Build configuration list for PBXProject "Demo" */ = {
			isa = XCConfigurationList;
			buildConfigurations = (
				AC2590B61E793EC800EFC43E /* Debug */,
				AC2590B71E793EC800EFC43E /* Release */,
			);
			defaultConfigurationIsVisible = 0;
			defaultConfigurationName = Release;
		};
		AC2590B81E793EC800EFC43E /* Build configuration list for PBXNativeTarget "demo" */ = {
			isa = XCConfigurationList;
			buildConfigurations = (
				AC2590B91E793EC800EFC43E /* Debug */,
				AC2590BA1E793EC800EFC43E /* Release */,
			);
			defaultConfigurationIsVisible = 0;
			defaultConfigurationName = Release;
		};
/* End XCConfigurationList section */
	};
	rootObject = AC25909E1E793EC800EFC43E /* Project object */;
}
